
Microsoft Visual Studio Solution File, Format Version 12.00
# Visual Studio Version 16
VisualStudioVersion = 16.0.29905.134
MinimumVisualStudioVersion = 10.0.40219.1
Project("{2150E333-8FDC-42A3-9474-1A3956D46DE8}") = "ET_1_ChessBoard", "ET_1_ChessBoard", "{AC64AC11-ECFB-4FED-9AF7-7E1D3835523D}"
EndProject
Project("{FAE04EC0-301F-11D3-BF4B-00C04F79EFBC}") = "ET_1_ChessBoard", "..\ET_1\ET_1_ChessBoard\ET_1_ChessBoard.csproj", "{C69E8677-B896-485B-A828-3C8F731B40E6}"
EndProject
Project("{2150E333-8FDC-42A3-9474-1A3956D46DE8}") = "ET_2_Envelopes", "ET_2_Envelopes", "{426C1EF2-62BC-4F22-A5F6-B65343726B19}"
EndProject
Project("{FAE04EC0-301F-11D3-BF4B-00C04F79EFBC}") = "ET_2_Envelopes", "..\ET_2\ET_2_Envelopes\ET_2_Envelopes.csproj", "{6926E22B-D6C2-4B95-A206-419B0472A466}"
EndProject
Project("{2150E333-8FDC-42A3-9474-1A3956D46DE8}") = "ET_3_Triangles", "ET_3_Triangles", "{2B7C66FF-8346-48AE-A1C7-34B6F9A858D2}"
EndProject
Project("{FAE04EC0-301F-11D3-BF4B-00C04F79EFBC}") = "ET_3_Triangles", "..\ET_3\ET_3_Triangels\ET_3_Triangles.csproj", "{3FE56E86-BBB1-4BD2-96A8-C52775E6A698}"
EndProject
Project("{2150E333-8FDC-42A3-9474-1A3956D46DE8}") = "ET_4_FileParser", "ET_4_FileParser", "{63022BA8-4350-42BB-A630-7BD10AD67948}"
EndProject
Project("{FAE04EC0-301F-11D3-BF4B-00C04F79EFBC}") = "ET_4_FileParser", "..\ET_4\ET_4_FileParser\ET_4_FileParser.csproj", "{699517AF-ED49-43AC-A875-6F6EE3E39C6E}"
EndProject
Project("{9A19103F-16F7-4668-BE54-9A1E7A4F7556}") = "ET_4_UnitTests", "..\ET_4\UnitTests\ET_4_UnitTests.csproj", "{D8574816-A82F-4C00-84A7-B038E36589C8}"
EndProject
Project("{2150E333-8FDC-42A3-9474-1A3956D46DE8}") = "Libraries", "Libraries", "{662F2F74-005E-41F8-9C73-D44FA2E63376}"
EndProject
Project("{FAE04EC0-301F-11D3-BF4B-00C04F79EFBC}") = "ConsoleUILibrary", "..\Libraries\ConsoleUILibrary\ConsoleUILibrary.csproj", "{0F1E930C-0EB4-43BF-B316-EDBED82AADB8}"
EndProject
Project("{FAE04EC0-301F-11D3-BF4B-00C04F79EFBC}") = "ValidatorLibrary", "..\Libraries\ValidatorLibrary\ValidatorLibrary.csproj", "{753CC401-99F1-40AB-924A-B08623FA3FF7}"
EndProject
Project("{2150E333-8FDC-42A3-9474-1A3956D46DE8}") = "ET_5_NumberToText", "ET_5_NumberToText", "{A6811E4E-3C25-450A-9919-08FF9C5F14C0}"
EndProject
Project("{FAE04EC0-301F-11D3-BF4B-00C04F79EFBC}") = "ET_5_NumberToText", "..\ET_5\ET_5_NumberToText\ET_5_NumberToText.csproj", "{6507835F-C031-47D7-9126-02D949D49C0B}"
EndProject
Project("{9A19103F-16F7-4668-BE54-9A1E7A4F7556}") = "ET_5_UnitTests", "..\ET_5\UnitTests\ET_5_UnitTests.csproj", "{63CEF242-9AF7-4051-BCAE-C14CD65C5031}"
EndProject
Project("{2150E333-8FDC-42A3-9474-1A3956D46DE8}") = "ET_6_LuckyTicket", "ET_6_LuckyTicket", "{B575628F-1817-46B7-B72E-2C873D116FEC}"
EndProject
Project("{FAE04EC0-301F-11D3-BF4B-00C04F79EFBC}") = "ET_6_LuckyTicket", "..\ET_6\ET_6_LuckyTicket\ET_6_LuckyTicket.csproj", "{381FA11C-1504-42A1-826E-DFF149B1D337}"
EndProject
Project("{9A19103F-16F7-4668-BE54-9A1E7A4F7556}") = "ET_6_UnitTests", "..\ET_6\UnitTests\ET_6_UnitTests.csproj", "{00613989-AF72-4D43-81C0-D2860AEE5442}"
EndProject
Project("{2150E333-8FDC-42A3-9474-1A3956D46DE8}") = "ET_7_8_Square_Fibonacci", "ET_7_8_Square_Fibonacci", "{7313B14A-2691-4545-9026-35439B5DFBB7}"
EndProject
Project("{FAE04EC0-301F-11D3-BF4B-00C04F79EFBC}") = "ET_7_8_Square_Fibonacci", "..\ET_7_8\ET_7_8_Square_Fibonacci\ET_7_8_Square_Fibonacci.csproj", "{55065FB9-8F8A-4DAA-8278-00511B8FA2AC}"
EndProject
Project("{9A19103F-16F7-4668-BE54-9A1E7A4F7556}") = "ET_1_UnitTests", "..\ET_1\ET_1_UnitTest\ET_1_UnitTests.csproj", "{D16FB4AE-611C-4C0A-A1E3-333AA7EC0A8B}"
EndProject
Project("{9A19103F-16F7-4668-BE54-9A1E7A4F7556}") = "ET_2_UnitTests", "..\ET_2\ET_2_UnitTest\ET_2_UnitTests.csproj", "{039928EE-568E-4DB6-8F2B-4725BC4D4B52}"
EndProject
Project("{9A19103F-16F7-4668-BE54-9A1E7A4F7556}") = "ET_3_UnitTests", "..\ET_3\ET_3_UnitTest\ET_3_UnitTests.csproj", "{C769D582-5C2D-4AB1-B7D7-DFCC8DE7B5EB}"
EndProject
Project("{FAE04EC0-301F-11D3-BF4B-00C04F79EFBC}") = "ET_7_8_UnitTests", "..\ET_7_8\ET_7_8_UnitTests\ET_7_8_UnitTests.csproj", "{E0E11463-5036-45A2-AD28-487A350F7C49}"
EndProject
Global
	GlobalSection(SolutionConfigurationPlatforms) = preSolution
		Debug|Any CPU = Debug|Any CPU
		Release|Any CPU = Release|Any CPU
	EndGlobalSection
	GlobalSection(ProjectConfigurationPlatforms) = postSolution
		{C69E8677-B896-485B-A828-3C8F731B40E6}.Debug|Any CPU.ActiveCfg = Debug|Any CPU
		{C69E8677-B896-485B-A828-3C8F731B40E6}.Debug|Any CPU.Build.0 = Debug|Any CPU
		{C69E8677-B896-485B-A828-3C8F731B40E6}.Release|Any CPU.ActiveCfg = Release|Any CPU
		{C69E8677-B896-485B-A828-3C8F731B40E6}.Release|Any CPU.Build.0 = Release|Any CPU
		{6926E22B-D6C2-4B95-A206-419B0472A466}.Debug|Any CPU.ActiveCfg = Debug|Any CPU
		{6926E22B-D6C2-4B95-A206-419B0472A466}.Debug|Any CPU.Build.0 = Debug|Any CPU
		{6926E22B-D6C2-4B95-A206-419B0472A466}.Release|Any CPU.ActiveCfg = Release|Any CPU
		{6926E22B-D6C2-4B95-A206-419B0472A466}.Release|Any CPU.Build.0 = Release|Any CPU
		{3FE56E86-BBB1-4BD2-96A8-C52775E6A698}.Debug|Any CPU.ActiveCfg = Debug|Any CPU
		{3FE56E86-BBB1-4BD2-96A8-C52775E6A698}.Debug|Any CPU.Build.0 = Debug|Any CPU
		{3FE56E86-BBB1-4BD2-96A8-C52775E6A698}.Release|Any CPU.ActiveCfg = Release|Any CPU
		{3FE56E86-BBB1-4BD2-96A8-C52775E6A698}.Release|Any CPU.Build.0 = Release|Any CPU
		{699517AF-ED49-43AC-A875-6F6EE3E39C6E}.Debug|Any CPU.ActiveCfg = Debug|Any CPU
		{699517AF-ED49-43AC-A875-6F6EE3E39C6E}.Debug|Any CPU.Build.0 = Debug|Any CPU
		{699517AF-ED49-43AC-A875-6F6EE3E39C6E}.Release|Any CPU.ActiveCfg = Release|Any CPU
		{699517AF-ED49-43AC-A875-6F6EE3E39C6E}.Release|Any CPU.Build.0 = Release|Any CPU
		{D8574816-A82F-4C00-84A7-B038E36589C8}.Debug|Any CPU.ActiveCfg = Debug|Any CPU
		{D8574816-A82F-4C00-84A7-B038E36589C8}.Debug|Any CPU.Build.0 = Debug|Any CPU
		{D8574816-A82F-4C00-84A7-B038E36589C8}.Release|Any CPU.ActiveCfg = Release|Any CPU
		{D8574816-A82F-4C00-84A7-B038E36589C8}.Release|Any CPU.Build.0 = Release|Any CPU
		{0F1E930C-0EB4-43BF-B316-EDBED82AADB8}.Debug|Any CPU.ActiveCfg = Debug|Any CPU
		{0F1E930C-0EB4-43BF-B316-EDBED82AADB8}.Debug|Any CPU.Build.0 = Debug|Any CPU
		{0F1E930C-0EB4-43BF-B316-EDBED82AADB8}.Release|Any CPU.ActiveCfg = Release|Any CPU
		{0F1E930C-0EB4-43BF-B316-EDBED82AADB8}.Release|Any CPU.Build.0 = Release|Any CPU
		{753CC401-99F1-40AB-924A-B08623FA3FF7}.Debug|Any CPU.ActiveCfg = Debug|Any CPU
		{753CC401-99F1-40AB-924A-B08623FA3FF7}.Debug|Any CPU.Build.0 = Debug|Any CPU
		{753CC401-99F1-40AB-924A-B08623FA3FF7}.Release|Any CPU.ActiveCfg = Release|Any CPU
		{753CC401-99F1-40AB-924A-B08623FA3FF7}.Release|Any CPU.Build.0 = Release|Any CPU
		{6507835F-C031-47D7-9126-02D949D49C0B}.Debug|Any CPU.ActiveCfg = Debug|Any CPU
		{6507835F-C031-47D7-9126-02D949D49C0B}.Debug|Any CPU.Build.0 = Debug|Any CPU
		{6507835F-C031-47D7-9126-02D949D49C0B}.Release|Any CPU.ActiveCfg = Release|Any CPU
		{6507835F-C031-47D7-9126-02D949D49C0B}.Release|Any CPU.Build.0 = Release|Any CPU
		{63CEF242-9AF7-4051-BCAE-C14CD65C5031}.Debug|Any CPU.ActiveCfg = Debug|Any CPU
		{63CEF242-9AF7-4051-BCAE-C14CD65C5031}.Debug|Any CPU.Build.0 = Debug|Any CPU
		{63CEF242-9AF7-4051-BCAE-C14CD65C5031}.Release|Any CPU.ActiveCfg = Release|Any CPU
		{63CEF242-9AF7-4051-BCAE-C14CD65C5031}.Release|Any CPU.Build.0 = Release|Any CPU
		{381FA11C-1504-42A1-826E-DFF149B1D337}.Debug|Any CPU.ActiveCfg = Debug|Any CPU
		{381FA11C-1504-42A1-826E-DFF149B1D337}.Debug|Any CPU.Build.0 = Debug|Any CPU
		{381FA11C-1504-42A1-826E-DFF149B1D337}.Release|Any CPU.ActiveCfg = Release|Any CPU
		{381FA11C-1504-42A1-826E-DFF149B1D337}.Release|Any CPU.Build.0 = Release|Any CPU
		{00613989-AF72-4D43-81C0-D2860AEE5442}.Debug|Any CPU.ActiveCfg = Debug|Any CPU
		{00613989-AF72-4D43-81C0-D2860AEE5442}.Debug|Any CPU.Build.0 = Debug|Any CPU
		{00613989-AF72-4D43-81C0-D2860AEE5442}.Release|Any CPU.ActiveCfg = Release|Any CPU
		{00613989-AF72-4D43-81C0-D2860AEE5442}.Release|Any CPU.Build.0 = Release|Any CPU
		{55065FB9-8F8A-4DAA-8278-00511B8FA2AC}.Debug|Any CPU.ActiveCfg = Debug|Any CPU
		{55065FB9-8F8A-4DAA-8278-00511B8FA2AC}.Debug|Any CPU.Build.0 = Debug|Any CPU
		{55065FB9-8F8A-4DAA-8278-00511B8FA2AC}.Release|Any CPU.ActiveCfg = Release|Any CPU
		{55065FB9-8F8A-4DAA-8278-00511B8FA2AC}.Release|Any CPU.Build.0 = Release|Any CPU
		{D16FB4AE-611C-4C0A-A1E3-333AA7EC0A8B}.Debug|Any CPU.ActiveCfg = Debug|Any CPU
		{D16FB4AE-611C-4C0A-A1E3-333AA7EC0A8B}.Debug|Any CPU.Build.0 = Debug|Any CPU
		{D16FB4AE-611C-4C0A-A1E3-333AA7EC0A8B}.Release|Any CPU.ActiveCfg = Release|Any CPU
		{D16FB4AE-611C-4C0A-A1E3-333AA7EC0A8B}.Release|Any CPU.Build.0 = Release|Any CPU
		{039928EE-568E-4DB6-8F2B-4725BC4D4B52}.Debug|Any CPU.ActiveCfg = Debug|Any CPU
		{039928EE-568E-4DB6-8F2B-4725BC4D4B52}.Debug|Any CPU.Build.0 = Debug|Any CPU
		{039928EE-568E-4DB6-8F2B-4725BC4D4B52}.Release|Any CPU.ActiveCfg = Release|Any CPU
		{039928EE-568E-4DB6-8F2B-4725BC4D4B52}.Release|Any CPU.Build.0 = Release|Any CPU
		{C769D582-5C2D-4AB1-B7D7-DFCC8DE7B5EB}.Debug|Any CPU.ActiveCfg = Debug|Any CPU
		{C769D582-5C2D-4AB1-B7D7-DFCC8DE7B5EB}.Debug|Any CPU.Build.0 = Debug|Any CPU
		{C769D582-5C2D-4AB1-B7D7-DFCC8DE7B5EB}.Release|Any CPU.ActiveCfg = Release|Any CPU
		{C769D582-5C2D-4AB1-B7D7-DFCC8DE7B5EB}.Release|Any CPU.Build.0 = Release|Any CPU
		{E0E11463-5036-45A2-AD28-487A350F7C49}.Debug|Any CPU.ActiveCfg = Debug|Any CPU
		{E0E11463-5036-45A2-AD28-487A350F7C49}.Debug|Any CPU.Build.0 = Debug|Any CPU
		{E0E11463-5036-45A2-AD28-487A350F7C49}.Release|Any CPU.ActiveCfg = Release|Any CPU
		{E0E11463-5036-45A2-AD28-487A350F7C49}.Release|Any CPU.Build.0 = Release|Any CPU
	EndGlobalSection
	GlobalSection(SolutionProperties) = preSolution
		HideSolutionNode = FALSE
	EndGlobalSection
	GlobalSection(NestedProjects) = preSolution
		{C69E8677-B896-485B-A828-3C8F731B40E6} = {AC64AC11-ECFB-4FED-9AF7-7E1D3835523D}
		{6926E22B-D6C2-4B95-A206-419B0472A466} = {426C1EF2-62BC-4F22-A5F6-B65343726B19}
		{3FE56E86-BBB1-4BD2-96A8-C52775E6A698} = {2B7C66FF-8346-48AE-A1C7-34B6F9A858D2}
		{699517AF-ED49-43AC-A875-6F6EE3E39C6E} = {63022BA8-4350-42BB-A630-7BD10AD67948}
		{D8574816-A82F-4C00-84A7-B038E36589C8} = {63022BA8-4350-42BB-A630-7BD10AD67948}
		{0F1E930C-0EB4-43BF-B316-EDBED82AADB8} = {662F2F74-005E-41F8-9C73-D44FA2E63376}
		{753CC401-99F1-40AB-924A-B08623FA3FF7} = {662F2F74-005E-41F8-9C73-D44FA2E63376}
		{6507835F-C031-47D7-9126-02D949D49C0B} = {A6811E4E-3C25-450A-9919-08FF9C5F14C0}
		{63CEF242-9AF7-4051-BCAE-C14CD65C5031} = {A6811E4E-3C25-450A-9919-08FF9C5F14C0}
		{381FA11C-1504-42A1-826E-DFF149B1D337} = {B575628F-1817-46B7-B72E-2C873D116FEC}
		{00613989-AF72-4D43-81C0-D2860AEE5442} = {B575628F-1817-46B7-B72E-2C873D116FEC}
		{55065FB9-8F8A-4DAA-8278-00511B8FA2AC} = {7313B14A-2691-4545-9026-35439B5DFBB7}
		{D16FB4AE-611C-4C0A-A1E3-333AA7EC0A8B} = {AC64AC11-ECFB-4FED-9AF7-7E1D3835523D}
		{039928EE-568E-4DB6-8F2B-4725BC4D4B52} = {426C1EF2-62BC-4F22-A5F6-B65343726B19}
		{C769D582-5C2D-4AB1-B7D7-DFCC8DE7B5EB} = {2B7C66FF-8346-48AE-A1C7-34B6F9A858D2}
		{E0E11463-5036-45A2-AD28-487A350F7C49} = {7313B14A-2691-4545-9026-35439B5DFBB7}
	EndGlobalSection
	GlobalSection(ExtensibilityGlobals) = postSolution
		SolutionGuid = {06D7A1E0-9B1B-4715-8C0B-CD7822AD320D}
	EndGlobalSection
EndGlobal
