
Microsoft Visual Studio Solution File, Format Version 12.00
# Visual Studio Version 16
VisualStudioVersion = 16.0.29905.134
MinimumVisualStudioVersion = 10.0.40219.1
Project("{FAE04EC0-301F-11D3-BF4B-00C04F79EFBC}") = "ET_5_NumberToText", "ET_5_NumberToText.csproj", "{6507835F-C031-47D7-9126-02D949D49C0B}"
EndProject
Project("{9A19103F-16F7-4668-BE54-9A1E7A4F7556}") = "UnitTests", "..\UnitTests\UnitTests.csproj", "{C380DA36-5366-4DDB-9456-51B2F9E6009F}"
EndProject
Project("{FAE04EC0-301F-11D3-BF4B-00C04F79EFBC}") = "ValidatorLibrary", "..\ConsoleLibrary\ValidatorLibrary.csproj", "{753CC401-99F1-40AB-924A-B08623FA3FF7}"
EndProject
Project("{FAE04EC0-301F-11D3-BF4B-00C04F79EFBC}") = "ConsoleUILibrary", "..\ConsoleUILibrary\ConsoleUILibrary.csproj", "{0F1E930C-0EB4-43BF-B316-EDBED82AADB8}"
EndProject
Global
	GlobalSection(SolutionConfigurationPlatforms) = preSolution
		Debug|Any CPU = Debug|Any CPU
		Release|Any CPU = Release|Any CPU
	EndGlobalSection
	GlobalSection(ProjectConfigurationPlatforms) = postSolution
		{6507835F-C031-47D7-9126-02D949D49C0B}.Debug|Any CPU.ActiveCfg = Debug|Any CPU
		{6507835F-C031-47D7-9126-02D949D49C0B}.Debug|Any CPU.Build.0 = Debug|Any CPU
		{6507835F-C031-47D7-9126-02D949D49C0B}.Release|Any CPU.ActiveCfg = Release|Any CPU
		{6507835F-C031-47D7-9126-02D949D49C0B}.Release|Any CPU.Build.0 = Release|Any CPU
		{C380DA36-5366-4DDB-9456-51B2F9E6009F}.Debug|Any CPU.ActiveCfg = Debug|Any CPU
		{C380DA36-5366-4DDB-9456-51B2F9E6009F}.Debug|Any CPU.Build.0 = Debug|Any CPU
		{C380DA36-5366-4DDB-9456-51B2F9E6009F}.Release|Any CPU.ActiveCfg = Release|Any CPU
		{C380DA36-5366-4DDB-9456-51B2F9E6009F}.Release|Any CPU.Build.0 = Release|Any CPU
		{753CC401-99F1-40AB-924A-B08623FA3FF7}.Debug|Any CPU.ActiveCfg = Debug|Any CPU
		{753CC401-99F1-40AB-924A-B08623FA3FF7}.Debug|Any CPU.Build.0 = Debug|Any CPU
		{753CC401-99F1-40AB-924A-B08623FA3FF7}.Release|Any CPU.ActiveCfg = Release|Any CPU
		{753CC401-99F1-40AB-924A-B08623FA3FF7}.Release|Any CPU.Build.0 = Release|Any CPU
		{0F1E930C-0EB4-43BF-B316-EDBED82AADB8}.Debug|Any CPU.ActiveCfg = Debug|Any CPU
		{0F1E930C-0EB4-43BF-B316-EDBED82AADB8}.Debug|Any CPU.Build.0 = Debug|Any CPU
		{0F1E930C-0EB4-43BF-B316-EDBED82AADB8}.Release|Any CPU.ActiveCfg = Release|Any CPU
		{0F1E930C-0EB4-43BF-B316-EDBED82AADB8}.Release|Any CPU.Build.0 = Release|Any CPU
	EndGlobalSection
	GlobalSection(SolutionProperties) = preSolution
		HideSolutionNode = FALSE
	EndGlobalSection
	GlobalSection(ExtensibilityGlobals) = postSolution
		SolutionGuid = {6A7048D2-B4CD-45A5-A1AB-A350B1E5AC2A}
	EndGlobalSection
EndGlobal
